
Microsoft Visual Studio Solution File, Format Version 12.00
# Visual Studio Version 17
VisualStudioVersion = 17.7.34031.279
MinimumVisualStudioVersion = 10.0.40219.1
Project("{9A19103F-16F7-4668-BE54-9A1E7A4F7556}") = "HelloWorldConsole", "DotNet Fundamentals\HelloWorldConsole\HelloWorldConsole.csproj", "{47D04C82-7179-4745-8DD2-DD17A1847EEC}"
EndProject
Project("{9A19103F-16F7-4668-BE54-9A1E7A4F7556}") = "HelloWorldMAUI", "DotNet Fundamentals\HelloWorldMAUI\HelloWorldMAUI.csproj", "{CC74E2B2-A948-4895-8428-460708DE4231}"
EndProject
Project("{9A19103F-16F7-4668-BE54-9A1E7A4F7556}") = "HelloWorldStandard", "DotNet Fundamentals\HelloWorldStandard\HelloWorldStandard.csproj", "{A6473CEB-9E45-4D51-AD36-AD1C49E9C291}"
EndProject
Project("{9A19103F-16F7-4668-BE54-9A1E7A4F7556}") = "HelloWorldWF", "DotNet Fundamentals\HelloWorldWF\HelloWorldWF.csproj", "{8C4CE197-FC33-4B3C-B295-D29D3267039A}"
EndProject
Project("{2150E333-8FDC-42A3-9474-1A3956D46DE8}") = "DotNet Fundamentals", "DotNet Fundamentals", "{1F515FA3-5421-4C84-838F-7FDFE1383603}"
EndProject
Project("{2150E333-8FDC-42A3-9474-1A3956D46DE8}") = "Debugging Fundamentals", "Debugging Fundamentals", "{93FAC596-7A75-4752-92D7-45F16A3200CA}"
EndProject
Project("{9A19103F-16F7-4668-BE54-9A1E7A4F7556}") = "Task1", "Debugging Fundamentals\Task1\Task1.csproj", "{EB4E03DF-AAED-4F27-A03E-ABCA26CE769D}"
EndProject
Project("{9A19103F-16F7-4668-BE54-9A1E7A4F7556}") = "Task1.Tests", "Debugging Fundamentals\Task1.Tests\Task1.Tests.csproj", "{BA80471B-B987-4A04-B965-FA55A5D663DC}"
EndProject
Global
	GlobalSection(SolutionConfigurationPlatforms) = preSolution
		Debug|Any CPU = Debug|Any CPU
		Release|Any CPU = Release|Any CPU
	EndGlobalSection
	GlobalSection(ProjectConfigurationPlatforms) = postSolution
		{47D04C82-7179-4745-8DD2-DD17A1847EEC}.Debug|Any CPU.ActiveCfg = Debug|Any CPU
		{47D04C82-7179-4745-8DD2-DD17A1847EEC}.Debug|Any CPU.Build.0 = Debug|Any CPU
		{47D04C82-7179-4745-8DD2-DD17A1847EEC}.Release|Any CPU.ActiveCfg = Release|Any CPU
		{47D04C82-7179-4745-8DD2-DD17A1847EEC}.Release|Any CPU.Build.0 = Release|Any CPU
		{CC74E2B2-A948-4895-8428-460708DE4231}.Debug|Any CPU.ActiveCfg = Debug|Any CPU
		{CC74E2B2-A948-4895-8428-460708DE4231}.Debug|Any CPU.Build.0 = Debug|Any CPU
		{CC74E2B2-A948-4895-8428-460708DE4231}.Debug|Any CPU.Deploy.0 = Debug|Any CPU
		{CC74E2B2-A948-4895-8428-460708DE4231}.Release|Any CPU.ActiveCfg = Release|Any CPU
		{CC74E2B2-A948-4895-8428-460708DE4231}.Release|Any CPU.Build.0 = Release|Any CPU
		{CC74E2B2-A948-4895-8428-460708DE4231}.Release|Any CPU.Deploy.0 = Release|Any CPU
		{A6473CEB-9E45-4D51-AD36-AD1C49E9C291}.Debug|Any CPU.ActiveCfg = Debug|Any CPU
		{A6473CEB-9E45-4D51-AD36-AD1C49E9C291}.Debug|Any CPU.Build.0 = Debug|Any CPU
		{A6473CEB-9E45-4D51-AD36-AD1C49E9C291}.Release|Any CPU.ActiveCfg = Release|Any CPU
		{A6473CEB-9E45-4D51-AD36-AD1C49E9C291}.Release|Any CPU.Build.0 = Release|Any CPU
		{8C4CE197-FC33-4B3C-B295-D29D3267039A}.Debug|Any CPU.ActiveCfg = Debug|Any CPU
		{8C4CE197-FC33-4B3C-B295-D29D3267039A}.Debug|Any CPU.Build.0 = Debug|Any CPU
		{8C4CE197-FC33-4B3C-B295-D29D3267039A}.Release|Any CPU.ActiveCfg = Release|Any CPU
		{8C4CE197-FC33-4B3C-B295-D29D3267039A}.Release|Any CPU.Build.0 = Release|Any CPU
		{EB4E03DF-AAED-4F27-A03E-ABCA26CE769D}.Debug|Any CPU.ActiveCfg = Debug|Any CPU
		{EB4E03DF-AAED-4F27-A03E-ABCA26CE769D}.Debug|Any CPU.Build.0 = Debug|Any CPU
		{EB4E03DF-AAED-4F27-A03E-ABCA26CE769D}.Release|Any CPU.ActiveCfg = Release|Any CPU
		{EB4E03DF-AAED-4F27-A03E-ABCA26CE769D}.Release|Any CPU.Build.0 = Release|Any CPU
		{BA80471B-B987-4A04-B965-FA55A5D663DC}.Debug|Any CPU.ActiveCfg = Debug|Any CPU
		{BA80471B-B987-4A04-B965-FA55A5D663DC}.Debug|Any CPU.Build.0 = Debug|Any CPU
		{BA80471B-B987-4A04-B965-FA55A5D663DC}.Release|Any CPU.ActiveCfg = Release|Any CPU
		{BA80471B-B987-4A04-B965-FA55A5D663DC}.Release|Any CPU.Build.0 = Release|Any CPU
	EndGlobalSection
	GlobalSection(SolutionProperties) = preSolution
		HideSolutionNode = FALSE
	EndGlobalSection
	GlobalSection(NestedProjects) = preSolution
		{47D04C82-7179-4745-8DD2-DD17A1847EEC} = {1F515FA3-5421-4C84-838F-7FDFE1383603}
		{CC74E2B2-A948-4895-8428-460708DE4231} = {1F515FA3-5421-4C84-838F-7FDFE1383603}
		{A6473CEB-9E45-4D51-AD36-AD1C49E9C291} = {1F515FA3-5421-4C84-838F-7FDFE1383603}
		{8C4CE197-FC33-4B3C-B295-D29D3267039A} = {1F515FA3-5421-4C84-838F-7FDFE1383603}
		{EB4E03DF-AAED-4F27-A03E-ABCA26CE769D} = {93FAC596-7A75-4752-92D7-45F16A3200CA}
		{BA80471B-B987-4A04-B965-FA55A5D663DC} = {93FAC596-7A75-4752-92D7-45F16A3200CA}
	EndGlobalSection
	GlobalSection(ExtensibilityGlobals) = postSolution
		SolutionGuid = {D4F33BB0-5EE7-4CA3-A152-359D13EA7F7B}
	EndGlobalSection
EndGlobal
