
Microsoft Visual Studio Solution File, Format Version 12.00
# Visual Studio Version 17
VisualStudioVersion = 17.7.34031.279
MinimumVisualStudioVersion = 10.0.40219.1
Project("{9A19103F-16F7-4668-BE54-9A1E7A4F7556}") = "HelloWorldConsole", "DotNet Fundamentals\HelloWorldConsole\HelloWorldConsole.csproj", "{47D04C82-7179-4745-8DD2-DD17A1847EEC}"
EndProject
Project("{9A19103F-16F7-4668-BE54-9A1E7A4F7556}") = "HelloWorldMAUI", "DotNet Fundamentals\HelloWorldMAUI\HelloWorldMAUI.csproj", "{CC74E2B2-A948-4895-8428-460708DE4231}"
EndProject
Project("{9A19103F-16F7-4668-BE54-9A1E7A4F7556}") = "HelloWorldStandard", "DotNet Fundamentals\HelloWorldStandard\HelloWorldStandard.csproj", "{A6473CEB-9E45-4D51-AD36-AD1C49E9C291}"
EndProject
Project("{9A19103F-16F7-4668-BE54-9A1E7A4F7556}") = "HelloWorldWF", "DotNet Fundamentals\HelloWorldWF\HelloWorldWF.csproj", "{8C4CE197-FC33-4B3C-B295-D29D3267039A}"
EndProject
Project("{2150E333-8FDC-42A3-9474-1A3956D46DE8}") = "DotNet Fundamentals", "DotNet Fundamentals", "{1F515FA3-5421-4C84-838F-7FDFE1383603}"
EndProject
Project("{2150E333-8FDC-42A3-9474-1A3956D46DE8}") = "Debugging Fundamentals", "Debugging Fundamentals", "{93FAC596-7A75-4752-92D7-45F16A3200CA}"
EndProject
Project("{9A19103F-16F7-4668-BE54-9A1E7A4F7556}") = "Task1", "Debugging Fundamentals\Task1\Task1.csproj", "{EB4E03DF-AAED-4F27-A03E-ABCA26CE769D}"
EndProject
Project("{9A19103F-16F7-4668-BE54-9A1E7A4F7556}") = "Task1.Tests", "Debugging Fundamentals\Task1.Tests\Task1.Tests.csproj", "{BA80471B-B987-4A04-B965-FA55A5D663DC}"
EndProject
Project("{2150E333-8FDC-42A3-9474-1A3956D46DE8}") = "AdvancedCsharp", "AdvancedCsharp", "{6AD25788-9F1D-4B73-983B-A0FE4BFB323D}"
EndProject
Project("{9A19103F-16F7-4668-BE54-9A1E7A4F7556}") = "FileSystemVisitorUI", "AdvancedCsharp\FileSystemVisitorUI\FileSystemVisitorUI.csproj", "{890DF9C2-71F9-458E-A489-DE94FD53170B}"
EndProject
Project("{9A19103F-16F7-4668-BE54-9A1E7A4F7556}") = "FileSystemVisitor", "AdvancedCsharp\FileSystemVisitor\FileSystemVisitor.csproj", "{BC91AB6F-788E-4847-BDA6-565A90A20567}"
EndProject
Project("{9A19103F-16F7-4668-BE54-9A1E7A4F7556}") = "FileSystemVisitorTests", "AdvancedCsharp\FileSystemVisitorTests\FileSystemVisitorTests.csproj", "{FDFEA345-F961-4545-8C59-3F1D00B920C0}"
EndProject
Project("{2150E333-8FDC-42A3-9474-1A3956D46DE8}") = "ExceptionHandling", "ExceptionHandling", "{4E7F368A-901D-459D-9238-65B1EFD3A776}"
EndProject
Project("{9A19103F-16F7-4668-BE54-9A1E7A4F7556}") = "Task1", "ExceptionHandling\Task1\Task1.csproj", "{0967A345-525C-442F-8E87-7F2B40B50DA2}"
EndProject
Project("{9A19103F-16F7-4668-BE54-9A1E7A4F7556}") = "Task2", "ExceptionHandling\Task2\Task2.csproj", "{D145E57A-B38C-43D2-91D8-8A7678BA87FE}"
EndProject
Project("{9A19103F-16F7-4668-BE54-9A1E7A4F7556}") = "Task2.Tests", "ExceptionHandling\Task2.Tests\Task2.Tests.csproj", "{507BB655-F658-4FCE-81BE-14CCB7A0C877}"
EndProject
Project("{9A19103F-16F7-4668-BE54-9A1E7A4F7556}") = "Task3", "ExceptionHandling\Task3\Task3.csproj", "{8E0185F8-2842-4BA8-9EE0-1830C75D743D}"
EndProject
Project("{9A19103F-16F7-4668-BE54-9A1E7A4F7556}") = "Task3.Tests", "ExceptionHandling\Task3.Tests\Task3.Tests.csproj", "{E4CB4BC5-DE38-4711-AFA6-64CDB92DB042}"
EndProject
Project("{2150E333-8FDC-42A3-9474-1A3956D46DE8}") = "Reflection", "Reflection", "{668D4151-ACC0-4089-9EBB-2B3AC8BA9875}"
EndProject
Project("{9A19103F-16F7-4668-BE54-9A1E7A4F7556}") = "ReflectionUI", "Reflection\ReflectionUI\ReflectionUI.csproj", "{AB3EBE46-7155-4AC7-9A4A-72985300DF0A}"
EndProject
Project("{9A19103F-16F7-4668-BE54-9A1E7A4F7556}") = "ConfigurationManager", "Reflection\ConfigurationManager\ConfigurationManager.csproj", "{3F10666D-4724-445F-AEFF-7C32F902981F}"
EndProject
Project("{9A19103F-16F7-4668-BE54-9A1E7A4F7556}") = "ConfigurationManagerConfigurationProvider", "Reflection\ConfigurationManagerConfigurationProvider\ConfigurationManagerConfigurationProvider.csproj", "{5BCBA122-7FC6-4462-904D-4ECC7BFA6316}"
EndProject
Project("{2150E333-8FDC-42A3-9474-1A3956D46DE8}") = "DataStructures", "DataStructures", "{2594DD03-62CC-4CB7-82D0-467686B2A211}"
EndProject
Project("{9A19103F-16F7-4668-BE54-9A1E7A4F7556}") = "Tasks", "DataStructures\Tasks\Tasks.csproj", "{4FE5608C-CFD9-46BE-97E1-B4A7B908A3EE}"
EndProject
Project("{9A19103F-16F7-4668-BE54-9A1E7A4F7556}") = "Tasks.Tests", "DataStructures\Tasks.Tests\Tasks.Tests.csproj", "{8BFA8838-9534-4194-B202-E4D1419A8D7F}"
EndProject
Global
	GlobalSection(SolutionConfigurationPlatforms) = preSolution
		Debug|Any CPU = Debug|Any CPU
		Release|Any CPU = Release|Any CPU
	EndGlobalSection
	GlobalSection(ProjectConfigurationPlatforms) = postSolution
		{47D04C82-7179-4745-8DD2-DD17A1847EEC}.Debug|Any CPU.ActiveCfg = Debug|Any CPU
		{47D04C82-7179-4745-8DD2-DD17A1847EEC}.Debug|Any CPU.Build.0 = Debug|Any CPU
		{47D04C82-7179-4745-8DD2-DD17A1847EEC}.Release|Any CPU.ActiveCfg = Release|Any CPU
		{47D04C82-7179-4745-8DD2-DD17A1847EEC}.Release|Any CPU.Build.0 = Release|Any CPU
		{CC74E2B2-A948-4895-8428-460708DE4231}.Debug|Any CPU.ActiveCfg = Debug|Any CPU
		{CC74E2B2-A948-4895-8428-460708DE4231}.Debug|Any CPU.Build.0 = Debug|Any CPU
		{CC74E2B2-A948-4895-8428-460708DE4231}.Debug|Any CPU.Deploy.0 = Debug|Any CPU
		{CC74E2B2-A948-4895-8428-460708DE4231}.Release|Any CPU.ActiveCfg = Release|Any CPU
		{CC74E2B2-A948-4895-8428-460708DE4231}.Release|Any CPU.Build.0 = Release|Any CPU
		{CC74E2B2-A948-4895-8428-460708DE4231}.Release|Any CPU.Deploy.0 = Release|Any CPU
		{A6473CEB-9E45-4D51-AD36-AD1C49E9C291}.Debug|Any CPU.ActiveCfg = Debug|Any CPU
		{A6473CEB-9E45-4D51-AD36-AD1C49E9C291}.Debug|Any CPU.Build.0 = Debug|Any CPU
		{A6473CEB-9E45-4D51-AD36-AD1C49E9C291}.Release|Any CPU.ActiveCfg = Release|Any CPU
		{A6473CEB-9E45-4D51-AD36-AD1C49E9C291}.Release|Any CPU.Build.0 = Release|Any CPU
		{8C4CE197-FC33-4B3C-B295-D29D3267039A}.Debug|Any CPU.ActiveCfg = Debug|Any CPU
		{8C4CE197-FC33-4B3C-B295-D29D3267039A}.Debug|Any CPU.Build.0 = Debug|Any CPU
		{8C4CE197-FC33-4B3C-B295-D29D3267039A}.Release|Any CPU.ActiveCfg = Release|Any CPU
		{8C4CE197-FC33-4B3C-B295-D29D3267039A}.Release|Any CPU.Build.0 = Release|Any CPU
		{EB4E03DF-AAED-4F27-A03E-ABCA26CE769D}.Debug|Any CPU.ActiveCfg = Debug|Any CPU
		{EB4E03DF-AAED-4F27-A03E-ABCA26CE769D}.Debug|Any CPU.Build.0 = Debug|Any CPU
		{EB4E03DF-AAED-4F27-A03E-ABCA26CE769D}.Release|Any CPU.ActiveCfg = Release|Any CPU
		{EB4E03DF-AAED-4F27-A03E-ABCA26CE769D}.Release|Any CPU.Build.0 = Release|Any CPU
		{BA80471B-B987-4A04-B965-FA55A5D663DC}.Debug|Any CPU.ActiveCfg = Debug|Any CPU
		{BA80471B-B987-4A04-B965-FA55A5D663DC}.Debug|Any CPU.Build.0 = Debug|Any CPU
		{BA80471B-B987-4A04-B965-FA55A5D663DC}.Release|Any CPU.ActiveCfg = Release|Any CPU
		{BA80471B-B987-4A04-B965-FA55A5D663DC}.Release|Any CPU.Build.0 = Release|Any CPU
		{890DF9C2-71F9-458E-A489-DE94FD53170B}.Debug|Any CPU.ActiveCfg = Debug|Any CPU
		{890DF9C2-71F9-458E-A489-DE94FD53170B}.Debug|Any CPU.Build.0 = Debug|Any CPU
		{890DF9C2-71F9-458E-A489-DE94FD53170B}.Release|Any CPU.ActiveCfg = Release|Any CPU
		{890DF9C2-71F9-458E-A489-DE94FD53170B}.Release|Any CPU.Build.0 = Release|Any CPU
		{BC91AB6F-788E-4847-BDA6-565A90A20567}.Debug|Any CPU.ActiveCfg = Debug|Any CPU
		{BC91AB6F-788E-4847-BDA6-565A90A20567}.Debug|Any CPU.Build.0 = Debug|Any CPU
		{BC91AB6F-788E-4847-BDA6-565A90A20567}.Release|Any CPU.ActiveCfg = Release|Any CPU
		{BC91AB6F-788E-4847-BDA6-565A90A20567}.Release|Any CPU.Build.0 = Release|Any CPU
		{FDFEA345-F961-4545-8C59-3F1D00B920C0}.Debug|Any CPU.ActiveCfg = Debug|Any CPU
		{FDFEA345-F961-4545-8C59-3F1D00B920C0}.Debug|Any CPU.Build.0 = Debug|Any CPU
		{FDFEA345-F961-4545-8C59-3F1D00B920C0}.Release|Any CPU.ActiveCfg = Release|Any CPU
		{FDFEA345-F961-4545-8C59-3F1D00B920C0}.Release|Any CPU.Build.0 = Release|Any CPU
		{0967A345-525C-442F-8E87-7F2B40B50DA2}.Debug|Any CPU.ActiveCfg = Debug|Any CPU
		{0967A345-525C-442F-8E87-7F2B40B50DA2}.Debug|Any CPU.Build.0 = Debug|Any CPU
		{0967A345-525C-442F-8E87-7F2B40B50DA2}.Release|Any CPU.ActiveCfg = Release|Any CPU
		{0967A345-525C-442F-8E87-7F2B40B50DA2}.Release|Any CPU.Build.0 = Release|Any CPU
		{D145E57A-B38C-43D2-91D8-8A7678BA87FE}.Debug|Any CPU.ActiveCfg = Debug|Any CPU
		{D145E57A-B38C-43D2-91D8-8A7678BA87FE}.Debug|Any CPU.Build.0 = Debug|Any CPU
		{D145E57A-B38C-43D2-91D8-8A7678BA87FE}.Release|Any CPU.ActiveCfg = Release|Any CPU
		{D145E57A-B38C-43D2-91D8-8A7678BA87FE}.Release|Any CPU.Build.0 = Release|Any CPU
		{507BB655-F658-4FCE-81BE-14CCB7A0C877}.Debug|Any CPU.ActiveCfg = Debug|Any CPU
		{507BB655-F658-4FCE-81BE-14CCB7A0C877}.Debug|Any CPU.Build.0 = Debug|Any CPU
		{507BB655-F658-4FCE-81BE-14CCB7A0C877}.Release|Any CPU.ActiveCfg = Release|Any CPU
		{507BB655-F658-4FCE-81BE-14CCB7A0C877}.Release|Any CPU.Build.0 = Release|Any CPU
		{8E0185F8-2842-4BA8-9EE0-1830C75D743D}.Debug|Any CPU.ActiveCfg = Debug|Any CPU
		{8E0185F8-2842-4BA8-9EE0-1830C75D743D}.Debug|Any CPU.Build.0 = Debug|Any CPU
		{8E0185F8-2842-4BA8-9EE0-1830C75D743D}.Release|Any CPU.ActiveCfg = Release|Any CPU
		{8E0185F8-2842-4BA8-9EE0-1830C75D743D}.Release|Any CPU.Build.0 = Release|Any CPU
		{E4CB4BC5-DE38-4711-AFA6-64CDB92DB042}.Debug|Any CPU.ActiveCfg = Debug|Any CPU
		{E4CB4BC5-DE38-4711-AFA6-64CDB92DB042}.Debug|Any CPU.Build.0 = Debug|Any CPU
		{E4CB4BC5-DE38-4711-AFA6-64CDB92DB042}.Release|Any CPU.ActiveCfg = Release|Any CPU
		{E4CB4BC5-DE38-4711-AFA6-64CDB92DB042}.Release|Any CPU.Build.0 = Release|Any CPU
		{AB3EBE46-7155-4AC7-9A4A-72985300DF0A}.Debug|Any CPU.ActiveCfg = Debug|Any CPU
		{AB3EBE46-7155-4AC7-9A4A-72985300DF0A}.Debug|Any CPU.Build.0 = Debug|Any CPU
		{AB3EBE46-7155-4AC7-9A4A-72985300DF0A}.Release|Any CPU.ActiveCfg = Release|Any CPU
		{AB3EBE46-7155-4AC7-9A4A-72985300DF0A}.Release|Any CPU.Build.0 = Release|Any CPU
		{3F10666D-4724-445F-AEFF-7C32F902981F}.Debug|Any CPU.ActiveCfg = Debug|Any CPU
		{3F10666D-4724-445F-AEFF-7C32F902981F}.Debug|Any CPU.Build.0 = Debug|Any CPU
		{3F10666D-4724-445F-AEFF-7C32F902981F}.Release|Any CPU.ActiveCfg = Release|Any CPU
		{3F10666D-4724-445F-AEFF-7C32F902981F}.Release|Any CPU.Build.0 = Release|Any CPU
		{5BCBA122-7FC6-4462-904D-4ECC7BFA6316}.Debug|Any CPU.ActiveCfg = Debug|Any CPU
		{5BCBA122-7FC6-4462-904D-4ECC7BFA6316}.Debug|Any CPU.Build.0 = Debug|Any CPU
		{5BCBA122-7FC6-4462-904D-4ECC7BFA6316}.Release|Any CPU.ActiveCfg = Release|Any CPU
		{5BCBA122-7FC6-4462-904D-4ECC7BFA6316}.Release|Any CPU.Build.0 = Release|Any CPU
		{4FE5608C-CFD9-46BE-97E1-B4A7B908A3EE}.Debug|Any CPU.ActiveCfg = Debug|Any CPU
		{4FE5608C-CFD9-46BE-97E1-B4A7B908A3EE}.Debug|Any CPU.Build.0 = Debug|Any CPU
		{4FE5608C-CFD9-46BE-97E1-B4A7B908A3EE}.Release|Any CPU.ActiveCfg = Release|Any CPU
		{4FE5608C-CFD9-46BE-97E1-B4A7B908A3EE}.Release|Any CPU.Build.0 = Release|Any CPU
		{8BFA8838-9534-4194-B202-E4D1419A8D7F}.Debug|Any CPU.ActiveCfg = Debug|Any CPU
		{8BFA8838-9534-4194-B202-E4D1419A8D7F}.Debug|Any CPU.Build.0 = Debug|Any CPU
		{8BFA8838-9534-4194-B202-E4D1419A8D7F}.Release|Any CPU.ActiveCfg = Release|Any CPU
		{8BFA8838-9534-4194-B202-E4D1419A8D7F}.Release|Any CPU.Build.0 = Release|Any CPU
	EndGlobalSection
	GlobalSection(SolutionProperties) = preSolution
		HideSolutionNode = FALSE
	EndGlobalSection
	GlobalSection(NestedProjects) = preSolution
		{47D04C82-7179-4745-8DD2-DD17A1847EEC} = {1F515FA3-5421-4C84-838F-7FDFE1383603}
		{CC74E2B2-A948-4895-8428-460708DE4231} = {1F515FA3-5421-4C84-838F-7FDFE1383603}
		{A6473CEB-9E45-4D51-AD36-AD1C49E9C291} = {1F515FA3-5421-4C84-838F-7FDFE1383603}
		{8C4CE197-FC33-4B3C-B295-D29D3267039A} = {1F515FA3-5421-4C84-838F-7FDFE1383603}
		{EB4E03DF-AAED-4F27-A03E-ABCA26CE769D} = {93FAC596-7A75-4752-92D7-45F16A3200CA}
		{BA80471B-B987-4A04-B965-FA55A5D663DC} = {93FAC596-7A75-4752-92D7-45F16A3200CA}
		{890DF9C2-71F9-458E-A489-DE94FD53170B} = {6AD25788-9F1D-4B73-983B-A0FE4BFB323D}
		{BC91AB6F-788E-4847-BDA6-565A90A20567} = {6AD25788-9F1D-4B73-983B-A0FE4BFB323D}
		{FDFEA345-F961-4545-8C59-3F1D00B920C0} = {6AD25788-9F1D-4B73-983B-A0FE4BFB323D}
		{0967A345-525C-442F-8E87-7F2B40B50DA2} = {4E7F368A-901D-459D-9238-65B1EFD3A776}
		{D145E57A-B38C-43D2-91D8-8A7678BA87FE} = {4E7F368A-901D-459D-9238-65B1EFD3A776}
		{507BB655-F658-4FCE-81BE-14CCB7A0C877} = {4E7F368A-901D-459D-9238-65B1EFD3A776}
		{8E0185F8-2842-4BA8-9EE0-1830C75D743D} = {4E7F368A-901D-459D-9238-65B1EFD3A776}
		{E4CB4BC5-DE38-4711-AFA6-64CDB92DB042} = {4E7F368A-901D-459D-9238-65B1EFD3A776}
		{AB3EBE46-7155-4AC7-9A4A-72985300DF0A} = {668D4151-ACC0-4089-9EBB-2B3AC8BA9875}
		{3F10666D-4724-445F-AEFF-7C32F902981F} = {668D4151-ACC0-4089-9EBB-2B3AC8BA9875}
		{5BCBA122-7FC6-4462-904D-4ECC7BFA6316} = {668D4151-ACC0-4089-9EBB-2B3AC8BA9875}
		{4FE5608C-CFD9-46BE-97E1-B4A7B908A3EE} = {2594DD03-62CC-4CB7-82D0-467686B2A211}
		{8BFA8838-9534-4194-B202-E4D1419A8D7F} = {2594DD03-62CC-4CB7-82D0-467686B2A211}
	EndGlobalSection
	GlobalSection(ExtensibilityGlobals) = postSolution
		SolutionGuid = {D4F33BB0-5EE7-4CA3-A152-359D13EA7F7B}
	EndGlobalSection
EndGlobal
